// !$*UTF8*$!
{
	archiveVersion = 1;
	classes = {
	};
	objectVersion = 55;
	objects = {

/* Begin PBXBuildFile section */
		188F9C282930EA0A00A8F8A3 /* Student.swift in Sources */ = {isa = PBXBuildFile; fileRef = 188F9C272930EA0A00A8F8A3 /* Student.swift */; };
		188F9C2B2930EA1700A8F8A3 /* Subject.swift in Sources */ = {isa = PBXBuildFile; fileRef = 188F9C2A2930EA1700A8F8A3 /* Subject.swift */; };
		188F9C2D2930EA3100A8F8A3 /* StudentList.swift in Sources */ = {isa = PBXBuildFile; fileRef = 188F9C2C2930EA3100A8F8A3 /* StudentList.swift */; };
		188F9C2F2930EAC100A8F8A3 /* Score.swift in Sources */ = {isa = PBXBuildFile; fileRef = 188F9C2E2930EAC100A8F8A3 /* Score.swift */; };
		188F9C362930F66600A8F8A3 /* MyCreditManagerError.swift in Sources */ = {isa = PBXBuildFile; fileRef = 188F9C352930F66600A8F8A3 /* MyCreditManagerError.swift */; };
		188F9C39293100EC00A8F8A3 /* InputView.swift in Sources */ = {isa = PBXBuildFile; fileRef = 188F9C38293100EC00A8F8A3 /* InputView.swift */; };
		188F9C3B293100F400A8F8A3 /* OutputView.swift in Sources */ = {isa = PBXBuildFile; fileRef = 188F9C3A293100F400A8F8A3 /* OutputView.swift */; };
		18CFF01B292F6BA00003CD91 /* main.swift in Sources */ = {isa = PBXBuildFile; fileRef = 18CFF01A292F6BA00003CD91 /* main.swift */; };
/* End PBXBuildFile section */

/* Begin PBXCopyFilesBuildPhase section */
		18CFF015292F6BA00003CD91 /* CopyFiles */ = {
			isa = PBXCopyFilesBuildPhase;
			buildActionMask = 2147483647;
			dstPath = /usr/share/man/man1/;
			dstSubfolderSpec = 0;
			files = (
			);
			runOnlyForDeploymentPostprocessing = 1;
		};
/* End PBXCopyFilesBuildPhase section */

/* Begin PBXFileReference section */
		188F9C272930EA0A00A8F8A3 /* Student.swift */ = {isa = PBXFileReference; lastKnownFileType = sourcecode.swift; path = Student.swift; sourceTree = "<group>"; };
		188F9C2A2930EA1700A8F8A3 /* Subject.swift */ = {isa = PBXFileReference; lastKnownFileType = sourcecode.swift; path = Subject.swift; sourceTree = "<group>"; };
		188F9C2C2930EA3100A8F8A3 /* StudentList.swift */ = {isa = PBXFileReference; lastKnownFileType = sourcecode.swift; path = StudentList.swift; sourceTree = "<group>"; };
		188F9C2E2930EAC100A8F8A3 /* Score.swift */ = {isa = PBXFileReference; lastKnownFileType = sourcecode.swift; path = Score.swift; sourceTree = "<group>"; };
		188F9C352930F66600A8F8A3 /* MyCreditManagerError.swift */ = {isa = PBXFileReference; lastKnownFileType = sourcecode.swift; path = MyCreditManagerError.swift; sourceTree = "<group>"; };
		188F9C38293100EC00A8F8A3 /* InputView.swift */ = {isa = PBXFileReference; lastKnownFileType = sourcecode.swift; path = InputView.swift; sourceTree = "<group>"; };
		188F9C3A293100F400A8F8A3 /* OutputView.swift */ = {isa = PBXFileReference; lastKnownFileType = sourcecode.swift; path = OutputView.swift; sourceTree = "<group>"; };
		18CFF017292F6BA00003CD91 /* MyCreditManager */ = {isa = PBXFileReference; explicitFileType = "compiled.mach-o.executable"; includeInIndex = 0; path = MyCreditManager; sourceTree = BUILT_PRODUCTS_DIR; };
		18CFF01A292F6BA00003CD91 /* main.swift */ = {isa = PBXFileReference; lastKnownFileType = sourcecode.swift; path = main.swift; sourceTree = "<group>"; };
/* End PBXFileReference section */

/* Begin PBXFrameworksBuildPhase section */
		18CFF014292F6BA00003CD91 /* Frameworks */ = {
			isa = PBXFrameworksBuildPhase;
			buildActionMask = 2147483647;
			files = (
			);
			runOnlyForDeploymentPostprocessing = 0;
		};
/* End PBXFrameworksBuildPhase section */

/* Begin PBXGroup section */
		188F9C292930EA0C00A8F8A3 /* Model */ = {
			isa = PBXGroup;
			children = (
				188F9C272930EA0A00A8F8A3 /* Student.swift */,
				188F9C2A2930EA1700A8F8A3 /* Subject.swift */,
				188F9C2C2930EA3100A8F8A3 /* StudentList.swift */,
				188F9C2E2930EAC100A8F8A3 /* Score.swift */,
			);
			path = Model;
			sourceTree = "<group>";
		};
		188F9C322930F62700A8F8A3 /* Common */ = {
			isa = PBXGroup;
			children = (
				188F9C352930F66600A8F8A3 /* MyCreditManagerError.swift */,
			);
			path = Common;
			sourceTree = "<group>";
		};
		188F9C37293100E000A8F8A3 /* View */ = {
			isa = PBXGroup;
			children = (
				188F9C38293100EC00A8F8A3 /* InputView.swift */,
				188F9C3A293100F400A8F8A3 /* OutputView.swift */,
			);
			path = View;
			sourceTree = "<group>";
		};
		18CFF00E292F6BA00003CD91 = {
			isa = PBXGroup;
			children = (
				18CFF019292F6BA00003CD91 /* MyCreditManager */,
				18CFF018292F6BA00003CD91 /* Products */,
			);
			sourceTree = "<group>";
		};
		18CFF018292F6BA00003CD91 /* Products */ = {
			isa = PBXGroup;
			children = (
				18CFF017292F6BA00003CD91 /* MyCreditManager */,
			);
			name = Products;
			sourceTree = "<group>";
		};
		18CFF019292F6BA00003CD91 /* MyCreditManager */ = {
			isa = PBXGroup;
			children = (
				188F9C37293100E000A8F8A3 /* View */,
				188F9C322930F62700A8F8A3 /* Common */,
				188F9C292930EA0C00A8F8A3 /* Model */,
				18CFF01A292F6BA00003CD91 /* main.swift */,
			);
			path = MyCreditManager;
			sourceTree = "<group>";
		};
/* End PBXGroup section */

/* Begin PBXNativeTarget section */
		18CFF016292F6BA00003CD91 /* MyCreditManager */ = {
			isa = PBXNativeTarget;
			buildConfigurationList = 18CFF01E292F6BA00003CD91 /* Build configuration list for PBXNativeTarget "MyCreditManager" */;
			buildPhases = (
				18CFF013292F6BA00003CD91 /* Sources */,
				18CFF014292F6BA00003CD91 /* Frameworks */,
				18CFF015292F6BA00003CD91 /* CopyFiles */,
			);
			buildRules = (
			);
			dependencies = (
			);
			name = MyCreditManager;
			productName = MyCreditManager;
			productReference = 18CFF017292F6BA00003CD91 /* MyCreditManager */;
			productType = "com.apple.product-type.tool";
		};
/* End PBXNativeTarget section */

/* Begin PBXProject section */
		18CFF00F292F6BA00003CD91 /* Project object */ = {
			isa = PBXProject;
			attributes = {
				BuildIndependentTargetsInParallel = 1;
				LastSwiftUpdateCheck = 1340;
				LastUpgradeCheck = 1340;
				TargetAttributes = {
					18CFF016292F6BA00003CD91 = {
						CreatedOnToolsVersion = 13.4.1;
					};
				};
			};
			buildConfigurationList = 18CFF012292F6BA00003CD91 /* Build configuration list for PBXProject "MyCreditManager" */;
			compatibilityVersion = "Xcode 13.0";
			developmentRegion = en;
			hasScannedForEncodings = 0;
			knownRegions = (
				en,
				Base,
			);
			mainGroup = 18CFF00E292F6BA00003CD91;
			productRefGroup = 18CFF018292F6BA00003CD91 /* Products */;
			projectDirPath = "";
			projectRoot = "";
			targets = (
				18CFF016292F6BA00003CD91 /* MyCreditManager */,
			);
		};
/* End PBXProject section */

/* Begin PBXSourcesBuildPhase section */
		18CFF013292F6BA00003CD91 /* Sources */ = {
			isa = PBXSourcesBuildPhase;
			buildActionMask = 2147483647;
			files = (
				18CFF01B292F6BA00003CD91 /* main.swift in Sources */,
				188F9C39293100EC00A8F8A3 /* InputView.swift in Sources */,
				188F9C2B2930EA1700A8F8A3 /* Subject.swift in Sources */,
				188F9C282930EA0A00A8F8A3 /* Student.swift in Sources */,
				188F9C2D2930EA3100A8F8A3 /* StudentList.swift in Sources */,
				188F9C362930F66600A8F8A3 /* MyCreditManagerError.swift in Sources */,
				188F9C2F2930EAC100A8F8A3 /* Score.swift in Sources */,
				188F9C3B293100F400A8F8A3 /* OutputView.swift in Sources */,
			);
			runOnlyForDeploymentPostprocessing = 0;
		};
/* End PBXSourcesBuildPhase section */

/* Begin XCBuildConfiguration section */
		18CFF01C292F6BA00003CD91 /* Debug */ = {
			isa = XCBuildConfiguration;
			buildSettings = {
				ALWAYS_SEARCH_USER_PATHS = NO;
				CLANG_ANALYZER_NONNULL = YES;
				CLANG_ANALYZER_NUMBER_OBJECT_CONVERSION = YES_AGGRESSIVE;
				CLANG_CXX_LANGUAGE_STANDARD = "gnu++17";
				CLANG_ENABLE_MODULES = YES;
				CLANG_ENABLE_OBJC_ARC = YES;
				CLANG_ENABLE_OBJC_WEAK = YES;
				CLANG_WARN_BLOCK_CAPTURE_AUTORELEASING = YES;
				CLANG_WARN_BOOL_CONVERSION = YES;
				CLANG_WARN_COMMA = YES;
				CLANG_WARN_CONSTANT_CONVERSION = YES;
				CLANG_WARN_DEPRECATED_OBJC_IMPLEMENTATIONS = YES;
				CLANG_WARN_DIRECT_OBJC_ISA_USAGE = YES_ERROR;
				CLANG_WARN_DOCUMENTATION_COMMENTS = YES;
				CLANG_WARN_EMPTY_BODY = YES;
				CLANG_WARN_ENUM_CONVERSION = YES;
				CLANG_WARN_INFINITE_RECURSION = YES;
				CLANG_WARN_INT_CONVERSION = YES;
				CLANG_WARN_NON_LITERAL_NULL_CONVERSION = YES;
				CLANG_WARN_OBJC_IMPLICIT_RETAIN_SELF = YES;
				CLANG_WARN_OBJC_LITERAL_CONVERSION = YES;
				CLANG_WARN_OBJC_ROOT_CLASS = YES_ERROR;
				CLANG_WARN_QUOTED_INCLUDE_IN_FRAMEWORK_HEADER = YES;
				CLANG_WARN_RANGE_LOOP_ANALYSIS = YES;
				CLANG_WARN_STRICT_PROTOTYPES = YES;
				CLANG_WARN_SUSPICIOUS_MOVE = YES;
				CLANG_WARN_UNGUARDED_AVAILABILITY = YES_AGGRESSIVE;
				CLANG_WARN_UNREACHABLE_CODE = YES;
				CLANG_WARN__DUPLICATE_METHOD_MATCH = YES;
				COPY_PHASE_STRIP = NO;
				DEBUG_INFORMATION_FORMAT = dwarf;
				ENABLE_STRICT_OBJC_MSGSEND = YES;
				ENABLE_TESTABILITY = YES;
				GCC_C_LANGUAGE_STANDARD = gnu11;
				GCC_DYNAMIC_NO_PIC = NO;
				GCC_NO_COMMON_BLOCKS = YES;
				GCC_OPTIMIZATION_LEVEL = 0;
				GCC_PREPROCESSOR_DEFINITIONS = (
					"DEBUG=1",
					"$(inherited)",
				);
				GCC_WARN_64_TO_32_BIT_CONVERSION = YES;
				GCC_WARN_ABOUT_RETURN_TYPE = YES_ERROR;
				GCC_WARN_UNDECLARED_SELECTOR = YES;
				GCC_WARN_UNINITIALIZED_AUTOS = YES_AGGRESSIVE;
				GCC_WARN_UNUSED_FUNCTION = YES;
				GCC_WARN_UNUSED_VARIABLE = YES;
				MACOSX_DEPLOYMENT_TARGET = 13.0;
				MTL_ENABLE_DEBUG_INFO = INCLUDE_SOURCE;
				MTL_FAST_MATH = YES;
				ONLY_ACTIVE_ARCH = YES;
				SDKROOT = macosx;
				SWIFT_ACTIVE_COMPILATION_CONDITIONS = DEBUG;
				SWIFT_OPTIMIZATION_LEVEL = "-Onone";
			};
			name = Debug;
		};
		18CFF01D292F6BA00003CD91 /* Release */ = {
			isa = XCBuildConfiguration;
			buildSettings = {
				ALWAYS_SEARCH_USER_PATHS = NO;
				CLANG_ANALYZER_NONNULL = YES;
				CLANG_ANALYZER_NUMBER_OBJECT_CONVERSION = YES_AGGRESSIVE;
				CLANG_CXX_LANGUAGE_STANDARD = "gnu++17";
				CLANG_ENABLE_MODULES = YES;
				CLANG_ENABLE_OBJC_ARC = YES;
				CLANG_ENABLE_OBJC_WEAK = YES;
				CLANG_WARN_BLOCK_CAPTURE_AUTORELEASING = YES;
				CLANG_WARN_BOOL_CONVERSION = YES;
				CLANG_WARN_COMMA = YES;
				CLANG_WARN_CONSTANT_CONVERSION = YES;
				CLANG_WARN_DEPRECATED_OBJC_IMPLEMENTATIONS = YES;
				CLANG_WARN_DIRECT_OBJC_ISA_USAGE = YES_ERROR;
				CLANG_WARN_DOCUMENTATION_COMMENTS = YES;
				CLANG_WARN_EMPTY_BODY = YES;
				CLANG_WARN_ENUM_CONVERSION = YES;
				CLANG_WARN_INFINITE_RECURSION = YES;
				CLANG_WARN_INT_CONVERSION = YES;
				CLANG_WARN_NON_LITERAL_NULL_CONVERSION = YES;
				CLANG_WARN_OBJC_IMPLICIT_RETAIN_SELF = YES;
				CLANG_WARN_OBJC_LITERAL_CONVERSION = YES;
				CLANG_WARN_OBJC_ROOT_CLASS = YES_ERROR;
				CLANG_WARN_QUOTED_INCLUDE_IN_FRAMEWORK_HEADER = YES;
				CLANG_WARN_RANGE_LOOP_ANALYSIS = YES;
				CLANG_WARN_STRICT_PROTOTYPES = YES;
				CLANG_WARN_SUSPICIOUS_MOVE = YES;
				CLANG_WARN_UNGUARDED_AVAILABILITY = YES_AGGRESSIVE;
				CLANG_WARN_UNREACHABLE_CODE = YES;
				CLANG_WARN__DUPLICATE_METHOD_MATCH = YES;
				COPY_PHASE_STRIP = NO;
				DEBUG_INFORMATION_FORMAT = "dwarf-with-dsym";
				ENABLE_NS_ASSERTIONS = NO;
				ENABLE_STRICT_OBJC_MSGSEND = YES;
				GCC_C_LANGUAGE_STANDARD = gnu11;
				GCC_NO_COMMON_BLOCKS = YES;
				GCC_WARN_64_TO_32_BIT_CONVERSION = YES;
				GCC_WARN_ABOUT_RETURN_TYPE = YES_ERROR;
				GCC_WARN_UNDECLARED_SELECTOR = YES;
				GCC_WARN_UNINITIALIZED_AUTOS = YES_AGGRESSIVE;
				GCC_WARN_UNUSED_FUNCTION = YES;
				GCC_WARN_UNUSED_VARIABLE = YES;
				MACOSX_DEPLOYMENT_TARGET = 13.0;
				MTL_ENABLE_DEBUG_INFO = NO;
				MTL_FAST_MATH = YES;
				SDKROOT = macosx;
				SWIFT_COMPILATION_MODE = wholemodule;
				SWIFT_OPTIMIZATION_LEVEL = "-O";
			};
			name = Release;
		};
		18CFF01F292F6BA00003CD91 /* Debug */ = {
			isa = XCBuildConfiguration;
			buildSettings = {
				CODE_SIGN_STYLE = Automatic;
				MACOSX_DEPLOYMENT_TARGET = 13.0;
				PRODUCT_NAME = "$(TARGET_NAME)";
				SWIFT_VERSION = 5.0;
			};
			name = Debug;
		};
		18CFF020292F6BA00003CD91 /* Release */ = {
			isa = XCBuildConfiguration;
			buildSettings = {
				CODE_SIGN_STYLE = Automatic;
				MACOSX_DEPLOYMENT_TARGET = 13.0;
				PRODUCT_NAME = "$(TARGET_NAME)";
				SWIFT_VERSION = 5.0;
			};
			name = Release;
		};
/* End XCBuildConfiguration section */

/* Begin XCConfigurationList section */
		18CFF012292F6BA00003CD91 /* Build configuration list for PBXProject "MyCreditManager" */ = {
			isa = XCConfigurationList;
			buildConfigurations = (
				18CFF01C292F6BA00003CD91 /* Debug */,
				18CFF01D292F6BA00003CD91 /* Release */,
			);
			defaultConfigurationIsVisible = 0;
			defaultConfigurationName = Release;
		};
		18CFF01E292F6BA00003CD91 /* Build configuration list for PBXNativeTarget "MyCreditManager" */ = {
			isa = XCConfigurationList;
			buildConfigurations = (
				18CFF01F292F6BA00003CD91 /* Debug */,
				18CFF020292F6BA00003CD91 /* Release */,
			);
			defaultConfigurationIsVisible = 0;
			defaultConfigurationName = Release;
		};
/* End XCConfigurationList section */
	};
	rootObject = 18CFF00F292F6BA00003CD91 /* Project object */;
}
